
Microsoft Visual Studio Solution File, Format Version 12.00
# Visual Studio 2012
Project("{FAE04EC0-301F-11D3-BF4B-00C04F79EFBC}") = "Serialization", "Serialization\Serialization.csproj", "{CAB5EAA6-8B1C-412D-A73B-1C63F0EEAC0D}"
EndProject
Project("{FAE04EC0-301F-11D3-BF4B-00C04F79EFBC}") = "Serialization.Lib", "Serialization.Lib\Serialization.Lib.csproj", "{F905FD7A-85AC-4F8A-AEFA-4E14FEB3EFDA}"
EndProject
Global
	GlobalSection(SolutionConfigurationPlatforms) = preSolution
		Debug|Any CPU = Debug|Any CPU
		Release|Any CPU = Release|Any CPU
	EndGlobalSection
	GlobalSection(ProjectConfigurationPlatforms) = postSolution
		{CAB5EAA6-8B1C-412D-A73B-1C63F0EEAC0D}.Debug|Any CPU.ActiveCfg = Debug|Any CPU
		{CAB5EAA6-8B1C-412D-A73B-1C63F0EEAC0D}.Debug|Any CPU.Build.0 = Debug|Any CPU
		{CAB5EAA6-8B1C-412D-A73B-1C63F0EEAC0D}.Release|Any CPU.ActiveCfg = Release|Any CPU
		{CAB5EAA6-8B1C-412D-A73B-1C63F0EEAC0D}.Release|Any CPU.Build.0 = Release|Any CPU
		{F905FD7A-85AC-4F8A-AEFA-4E14FEB3EFDA}.Debug|Any CPU.ActiveCfg = Debug|Any CPU
		{F905FD7A-85AC-4F8A-AEFA-4E14FEB3EFDA}.Debug|Any CPU.Build.0 = Debug|Any CPU
		{F905FD7A-85AC-4F8A-AEFA-4E14FEB3EFDA}.Release|Any CPU.ActiveCfg = Release|Any CPU
		{F905FD7A-85AC-4F8A-AEFA-4E14FEB3EFDA}.Release|Any CPU.Build.0 = Release|Any CPU
	EndGlobalSection
	GlobalSection(SolutionProperties) = preSolution
		HideSolutionNode = FALSE
	EndGlobalSection
EndGlobal
